
Microsoft Visual Studio Solution File, Format Version 12.00
Project("{FAE04EC0-301F-11D3-BF4B-00C04F79EFBC}") = "Akka.Cluster.Hosting.Aspire", "Akka.Cluster.Hosting.Aspire\Akka.Cluster.Hosting.Aspire.csproj", "{CFCE6CDC-CDE2-4984-B886-821086B596F9}"
EndProject
Project("{FAE04EC0-301F-11D3-BF4B-00C04F79EFBC}") = "Akka.Hosting.Aspire", "Akka.Hosting.Aspire\Akka.Hosting.Aspire.csproj", "{275F570B-84DF-4C22-B181-397E3C0474A2}"
EndProject
Project("{FAE04EC0-301F-11D3-BF4B-00C04F79EFBC}") = "Akka.Persistence.MongoDb.Hosting.Aspire", "Akka.Persistence.MongoDb.Hosting.Aspire\Akka.Persistence.MongoDb.Hosting.Aspire.csproj", "{ACA828AF-ECB5-475A-86F1-282B744574A5}"
EndProject
Project("{FAE04EC0-301F-11D3-BF4B-00C04F79EFBC}") = "Akka.Persistence.Redis.Hosting.Aspire", "Akka.Persistence.Redis.Hosting.Aspire\Akka.Persistence.Redis.Hosting.Aspire.csproj", "{5E18E3F1-5C2F-45A0-AF95-8DF282AEA48C}"
EndProject
Project("{FAE04EC0-301F-11D3-BF4B-00C04F79EFBC}") = "Akka.Persistence.Sql.Hosting.Aspire", "Akka.Persistence.Sql.Hosting.Aspire\Akka.Persistence.Sql.Hosting.Aspire.csproj", "{D1270B1E-395E-49EB-93DC-7547A92E9342}"
EndProject
Project("{FAE04EC0-301F-11D3-BF4B-00C04F79EFBC}") = "Akka.Remote.Hosting.Aspire", "Akka.Remote.Hosting.Aspire\Akka.Remote.Hosting.Aspire.csproj", "{AFF88903-0891-4031-B2CC-7B8185BB4BFB}"
EndProject
Project("{FAE04EC0-301F-11D3-BF4B-00C04F79EFBC}") = "Aspire.Hosting.Akka", "Aspire.Hosting.Akka\Aspire.Hosting.Akka.csproj", "{CA482A76-FEDC-44B7-A87A-58BD5E61A95F}"
EndProject
Project("{2150E333-8FDC-42A3-9474-1A3956D46DE8}") = "persistence", "persistence", "{BAF40B08-4AE4-41B6-8884-C2E05DD91B2D}"
EndProject
Project("{2150E333-8FDC-42A3-9474-1A3956D46DE8}") = "hosting", "hosting", "{9606AFA1-E360-43B4-A7F5-657401C7440E}"
EndProject
Project("{2150E333-8FDC-42A3-9474-1A3956D46DE8}") = "example", "example", "{CDFA07BE-DFFB-4FC7-98A6-F6067063FF51}"
EndProject
Project("{FAE04EC0-301F-11D3-BF4B-00C04F79EFBC}") = "Aspire.Hosting.Akka.Example.AppHost", "Aspire.Hosting.Akka.Example\Aspire.Hosting.Akka.Example.AppHost\Aspire.Hosting.Akka.Example.AppHost.csproj", "{F6CFE23A-1405-4F88-9B91-61E70D26040D}"
EndProject
Project("{2150E333-8FDC-42A3-9474-1A3956D46DE8}") = "Tests", "Tests", "{E0D473CC-E597-4EBE-9E30-D1449BD043E7}"
EndProject
Project("{FAE04EC0-301F-11D3-BF4B-00C04F79EFBC}") = "Aspire.Hosting.Akka.Tests", "Aspire.Hosting.Akka.Tests\Aspire.Hosting.Akka.Tests.csproj", "{2199424D-C4A3-4071-97E9-F2CC80938BDF}"
EndProject
Project("{FAE04EC0-301F-11D3-BF4B-00C04F79EFBC}") = "Akka.Node.One", "Akka.Node.One\Akka.Node.One.csproj", "{9A6F9E66-CDC1-47B8-8AE5-8D141F2A337B}"
EndProject
Project("{FAE04EC0-301F-11D3-BF4B-00C04F79EFBC}") = "Akka.Node.Two", "Akka.Node.Two\Akka.Node.Two.csproj", "{991FF3A9-7A66-4D5F-8785-BF44E6414B1B}"
EndProject
Project("{FAE04EC0-301F-11D3-BF4B-00C04F79EFBC}") = "Akka.Core", "Akka.Core\Akka.Core.csproj", "{D47BC8D4-5804-4415-8586-9DEA3F4A2C83}"
EndProject
Global
	GlobalSection(SolutionConfigurationPlatforms) = preSolution
		Debug|Any CPU = Debug|Any CPU
		Release|Any CPU = Release|Any CPU
	EndGlobalSection
	GlobalSection(ProjectConfigurationPlatforms) = postSolution
		{CFCE6CDC-CDE2-4984-B886-821086B596F9}.Debug|Any CPU.ActiveCfg = Debug|Any CPU
		{CFCE6CDC-CDE2-4984-B886-821086B596F9}.Debug|Any CPU.Build.0 = Debug|Any CPU
		{CFCE6CDC-CDE2-4984-B886-821086B596F9}.Release|Any CPU.ActiveCfg = Release|Any CPU
		{CFCE6CDC-CDE2-4984-B886-821086B596F9}.Release|Any CPU.Build.0 = Release|Any CPU
		{275F570B-84DF-4C22-B181-397E3C0474A2}.Debug|Any CPU.ActiveCfg = Debug|Any CPU
		{275F570B-84DF-4C22-B181-397E3C0474A2}.Debug|Any CPU.Build.0 = Debug|Any CPU
		{275F570B-84DF-4C22-B181-397E3C0474A2}.Release|Any CPU.ActiveCfg = Release|Any CPU
		{275F570B-84DF-4C22-B181-397E3C0474A2}.Release|Any CPU.Build.0 = Release|Any CPU
		{ACA828AF-ECB5-475A-86F1-282B744574A5}.Debug|Any CPU.ActiveCfg = Debug|Any CPU
		{ACA828AF-ECB5-475A-86F1-282B744574A5}.Debug|Any CPU.Build.0 = Debug|Any CPU
		{ACA828AF-ECB5-475A-86F1-282B744574A5}.Release|Any CPU.ActiveCfg = Release|Any CPU
		{ACA828AF-ECB5-475A-86F1-282B744574A5}.Release|Any CPU.Build.0 = Release|Any CPU
		{5E18E3F1-5C2F-45A0-AF95-8DF282AEA48C}.Debug|Any CPU.ActiveCfg = Debug|Any CPU
		{5E18E3F1-5C2F-45A0-AF95-8DF282AEA48C}.Debug|Any CPU.Build.0 = Debug|Any CPU
		{5E18E3F1-5C2F-45A0-AF95-8DF282AEA48C}.Release|Any CPU.ActiveCfg = Release|Any CPU
		{5E18E3F1-5C2F-45A0-AF95-8DF282AEA48C}.Release|Any CPU.Build.0 = Release|Any CPU
		{D1270B1E-395E-49EB-93DC-7547A92E9342}.Debug|Any CPU.ActiveCfg = Debug|Any CPU
		{D1270B1E-395E-49EB-93DC-7547A92E9342}.Debug|Any CPU.Build.0 = Debug|Any CPU
		{D1270B1E-395E-49EB-93DC-7547A92E9342}.Release|Any CPU.ActiveCfg = Release|Any CPU
		{D1270B1E-395E-49EB-93DC-7547A92E9342}.Release|Any CPU.Build.0 = Release|Any CPU
		{AFF88903-0891-4031-B2CC-7B8185BB4BFB}.Debug|Any CPU.ActiveCfg = Debug|Any CPU
		{AFF88903-0891-4031-B2CC-7B8185BB4BFB}.Debug|Any CPU.Build.0 = Debug|Any CPU
		{AFF88903-0891-4031-B2CC-7B8185BB4BFB}.Release|Any CPU.ActiveCfg = Release|Any CPU
		{AFF88903-0891-4031-B2CC-7B8185BB4BFB}.Release|Any CPU.Build.0 = Release|Any CPU
		{CA482A76-FEDC-44B7-A87A-58BD5E61A95F}.Debug|Any CPU.ActiveCfg = Debug|Any CPU
		{CA482A76-FEDC-44B7-A87A-58BD5E61A95F}.Debug|Any CPU.Build.0 = Debug|Any CPU
		{CA482A76-FEDC-44B7-A87A-58BD5E61A95F}.Release|Any CPU.ActiveCfg = Release|Any CPU
		{CA482A76-FEDC-44B7-A87A-58BD5E61A95F}.Release|Any CPU.Build.0 = Release|Any CPU
		{F6CFE23A-1405-4F88-9B91-61E70D26040D}.Debug|Any CPU.ActiveCfg = Debug|Any CPU
		{F6CFE23A-1405-4F88-9B91-61E70D26040D}.Debug|Any CPU.Build.0 = Debug|Any CPU
		{F6CFE23A-1405-4F88-9B91-61E70D26040D}.Release|Any CPU.ActiveCfg = Release|Any CPU
		{F6CFE23A-1405-4F88-9B91-61E70D26040D}.Release|Any CPU.Build.0 = Release|Any CPU
		{2199424D-C4A3-4071-97E9-F2CC80938BDF}.Debug|Any CPU.ActiveCfg = Debug|Any CPU
		{2199424D-C4A3-4071-97E9-F2CC80938BDF}.Debug|Any CPU.Build.0 = Debug|Any CPU
		{2199424D-C4A3-4071-97E9-F2CC80938BDF}.Release|Any CPU.ActiveCfg = Release|Any CPU
		{2199424D-C4A3-4071-97E9-F2CC80938BDF}.Release|Any CPU.Build.0 = Release|Any CPU
		{9A6F9E66-CDC1-47B8-8AE5-8D141F2A337B}.Debug|Any CPU.ActiveCfg = Debug|Any CPU
		{9A6F9E66-CDC1-47B8-8AE5-8D141F2A337B}.Debug|Any CPU.Build.0 = Debug|Any CPU
		{9A6F9E66-CDC1-47B8-8AE5-8D141F2A337B}.Release|Any CPU.ActiveCfg = Release|Any CPU
		{9A6F9E66-CDC1-47B8-8AE5-8D141F2A337B}.Release|Any CPU.Build.0 = Release|Any CPU
		{991FF3A9-7A66-4D5F-8785-BF44E6414B1B}.Debug|Any CPU.ActiveCfg = Debug|Any CPU
		{991FF3A9-7A66-4D5F-8785-BF44E6414B1B}.Debug|Any CPU.Build.0 = Debug|Any CPU
		{991FF3A9-7A66-4D5F-8785-BF44E6414B1B}.Release|Any CPU.ActiveCfg = Release|Any CPU
		{991FF3A9-7A66-4D5F-8785-BF44E6414B1B}.Release|Any CPU.Build.0 = Release|Any CPU
		{D47BC8D4-5804-4415-8586-9DEA3F4A2C83}.Debug|Any CPU.ActiveCfg = Debug|Any CPU
		{D47BC8D4-5804-4415-8586-9DEA3F4A2C83}.Debug|Any CPU.Build.0 = Debug|Any CPU
		{D47BC8D4-5804-4415-8586-9DEA3F4A2C83}.Release|Any CPU.ActiveCfg = Release|Any CPU
		{D47BC8D4-5804-4415-8586-9DEA3F4A2C83}.Release|Any CPU.Build.0 = Release|Any CPU
	EndGlobalSection
	GlobalSection(NestedProjects) = preSolution
		{ACA828AF-ECB5-475A-86F1-282B744574A5} = {BAF40B08-4AE4-41B6-8884-C2E05DD91B2D}
		{5E18E3F1-5C2F-45A0-AF95-8DF282AEA48C} = {BAF40B08-4AE4-41B6-8884-C2E05DD91B2D}
		{D1270B1E-395E-49EB-93DC-7547A92E9342} = {BAF40B08-4AE4-41B6-8884-C2E05DD91B2D}
		{CFCE6CDC-CDE2-4984-B886-821086B596F9} = {9606AFA1-E360-43B4-A7F5-657401C7440E}
		{275F570B-84DF-4C22-B181-397E3C0474A2} = {9606AFA1-E360-43B4-A7F5-657401C7440E}
		{AFF88903-0891-4031-B2CC-7B8185BB4BFB} = {9606AFA1-E360-43B4-A7F5-657401C7440E}
		{F6CFE23A-1405-4F88-9B91-61E70D26040D} = {CDFA07BE-DFFB-4FC7-98A6-F6067063FF51}
		{2199424D-C4A3-4071-97E9-F2CC80938BDF} = {E0D473CC-E597-4EBE-9E30-D1449BD043E7}
		{9A6F9E66-CDC1-47B8-8AE5-8D141F2A337B} = {CDFA07BE-DFFB-4FC7-98A6-F6067063FF51}
		{991FF3A9-7A66-4D5F-8785-BF44E6414B1B} = {CDFA07BE-DFFB-4FC7-98A6-F6067063FF51}
		{D47BC8D4-5804-4415-8586-9DEA3F4A2C83} = {CDFA07BE-DFFB-4FC7-98A6-F6067063FF51}
	EndGlobalSection
EndGlobal
