
Microsoft Visual Studio Solution File, Format Version 12.00
Project("{2150E333-8FDC-42A3-9474-1A3956D46DE8}") = "hosting", "hosting", "{9606AFA1-E360-43B4-A7F5-657401C7440E}"
EndProject
Project("{2150E333-8FDC-42A3-9474-1A3956D46DE8}") = "example", "example", "{CDFA07BE-DFFB-4FC7-98A6-F6067063FF51}"
EndProject
Project("{2150E333-8FDC-42A3-9474-1A3956D46DE8}") = "core", "core", "{EAD46D4E-6D33-4782-BF2B-4CB6B4C105CF}"
EndProject
Project("{FAE04EC0-301F-11D3-BF4B-00C04F79EFBC}") = "moin.aspire.hosting.akka", "core\moin.aspire.hosting.akka\moin.aspire.hosting.akka.csproj", "{8DC3A015-F0AA-4C00-BFF8-D2D9FA3F03FE}"
EndProject
Project("{FAE04EC0-301F-11D3-BF4B-00C04F79EFBC}") = "moin.aspire.hosting.akka.testing", "core\moin.aspire.hosting.akka.testing\moin.aspire.hosting.akka.testing.csproj", "{35BDB984-7613-4C4D-8DC3-785B4F227F1C}"
EndProject
Project("{FAE04EC0-301F-11D3-BF4B-00C04F79EFBC}") = "akka.core", "example\akka.core\akka.core.csproj", "{CB6A7CAC-288C-41AD-9700-66F98FFFC49C}"
EndProject
Project("{FAE04EC0-301F-11D3-BF4B-00C04F79EFBC}") = "akka.node.one", "example\akka.node.one\akka.node.one.csproj", "{5D25EEAD-7424-483B-8CDF-2A8319FFFBB7}"
EndProject
Project("{FAE04EC0-301F-11D3-BF4B-00C04F79EFBC}") = "akka.node.two", "example\akka.node.two\akka.node.two.csproj", "{AD9EB42F-7839-43AD-AAD6-B8950CBB8DE4}"
EndProject
Project("{FAE04EC0-301F-11D3-BF4B-00C04F79EFBC}") = "moin.aspire.hosting.akka.example.AppHost", "example\moin.aspire.hosting.akka.example.AppHost\moin.aspire.hosting.akka.example.AppHost.csproj", "{0DE25D97-0A3D-447C-94CC-2036391967B6}"
EndProject
Project("{FAE04EC0-301F-11D3-BF4B-00C04F79EFBC}") = "moin.akka.cluster.hosting.aspire", "hosting\moin.akka.cluster.hosting.aspire\moin.akka.cluster.hosting.aspire.csproj", "{056A6D93-7B47-4295-822B-19E774BFE877}"
EndProject
Project("{FAE04EC0-301F-11D3-BF4B-00C04F79EFBC}") = "moin.akka.remote.hosting.aspire", "hosting\moin.akka.remote.hosting.aspire\moin.akka.remote.hosting.aspire.csproj", "{B2BE072B-3014-44A8-8E75-F0D67173F5CC}"
EndProject
Global
	GlobalSection(SolutionConfigurationPlatforms) = preSolution
		Debug|Any CPU = Debug|Any CPU
		Release|Any CPU = Release|Any CPU
	EndGlobalSection
	GlobalSection(ProjectConfigurationPlatforms) = postSolution
		{8DC3A015-F0AA-4C00-BFF8-D2D9FA3F03FE}.Debug|Any CPU.ActiveCfg = Debug|Any CPU
		{8DC3A015-F0AA-4C00-BFF8-D2D9FA3F03FE}.Debug|Any CPU.Build.0 = Debug|Any CPU
		{8DC3A015-F0AA-4C00-BFF8-D2D9FA3F03FE}.Release|Any CPU.ActiveCfg = Release|Any CPU
		{8DC3A015-F0AA-4C00-BFF8-D2D9FA3F03FE}.Release|Any CPU.Build.0 = Release|Any CPU
		{35BDB984-7613-4C4D-8DC3-785B4F227F1C}.Debug|Any CPU.ActiveCfg = Debug|Any CPU
		{35BDB984-7613-4C4D-8DC3-785B4F227F1C}.Debug|Any CPU.Build.0 = Debug|Any CPU
		{35BDB984-7613-4C4D-8DC3-785B4F227F1C}.Release|Any CPU.ActiveCfg = Release|Any CPU
		{35BDB984-7613-4C4D-8DC3-785B4F227F1C}.Release|Any CPU.Build.0 = Release|Any CPU
		{CB6A7CAC-288C-41AD-9700-66F98FFFC49C}.Debug|Any CPU.ActiveCfg = Debug|Any CPU
		{CB6A7CAC-288C-41AD-9700-66F98FFFC49C}.Debug|Any CPU.Build.0 = Debug|Any CPU
		{CB6A7CAC-288C-41AD-9700-66F98FFFC49C}.Release|Any CPU.ActiveCfg = Release|Any CPU
		{CB6A7CAC-288C-41AD-9700-66F98FFFC49C}.Release|Any CPU.Build.0 = Release|Any CPU
		{5D25EEAD-7424-483B-8CDF-2A8319FFFBB7}.Debug|Any CPU.ActiveCfg = Debug|Any CPU
		{5D25EEAD-7424-483B-8CDF-2A8319FFFBB7}.Debug|Any CPU.Build.0 = Debug|Any CPU
		{5D25EEAD-7424-483B-8CDF-2A8319FFFBB7}.Release|Any CPU.ActiveCfg = Release|Any CPU
		{5D25EEAD-7424-483B-8CDF-2A8319FFFBB7}.Release|Any CPU.Build.0 = Release|Any CPU
		{AD9EB42F-7839-43AD-AAD6-B8950CBB8DE4}.Debug|Any CPU.ActiveCfg = Debug|Any CPU
		{AD9EB42F-7839-43AD-AAD6-B8950CBB8DE4}.Debug|Any CPU.Build.0 = Debug|Any CPU
		{AD9EB42F-7839-43AD-AAD6-B8950CBB8DE4}.Release|Any CPU.ActiveCfg = Release|Any CPU
		{AD9EB42F-7839-43AD-AAD6-B8950CBB8DE4}.Release|Any CPU.Build.0 = Release|Any CPU
		{0DE25D97-0A3D-447C-94CC-2036391967B6}.Debug|Any CPU.ActiveCfg = Debug|Any CPU
		{0DE25D97-0A3D-447C-94CC-2036391967B6}.Debug|Any CPU.Build.0 = Debug|Any CPU
		{0DE25D97-0A3D-447C-94CC-2036391967B6}.Release|Any CPU.ActiveCfg = Release|Any CPU
		{0DE25D97-0A3D-447C-94CC-2036391967B6}.Release|Any CPU.Build.0 = Release|Any CPU
		{056A6D93-7B47-4295-822B-19E774BFE877}.Debug|Any CPU.ActiveCfg = Debug|Any CPU
		{056A6D93-7B47-4295-822B-19E774BFE877}.Debug|Any CPU.Build.0 = Debug|Any CPU
		{056A6D93-7B47-4295-822B-19E774BFE877}.Release|Any CPU.ActiveCfg = Release|Any CPU
		{056A6D93-7B47-4295-822B-19E774BFE877}.Release|Any CPU.Build.0 = Release|Any CPU
		{B2BE072B-3014-44A8-8E75-F0D67173F5CC}.Debug|Any CPU.ActiveCfg = Debug|Any CPU
		{B2BE072B-3014-44A8-8E75-F0D67173F5CC}.Debug|Any CPU.Build.0 = Debug|Any CPU
		{B2BE072B-3014-44A8-8E75-F0D67173F5CC}.Release|Any CPU.ActiveCfg = Release|Any CPU
		{B2BE072B-3014-44A8-8E75-F0D67173F5CC}.Release|Any CPU.Build.0 = Release|Any CPU
	EndGlobalSection
	GlobalSection(NestedProjects) = preSolution
		{8DC3A015-F0AA-4C00-BFF8-D2D9FA3F03FE} = {EAD46D4E-6D33-4782-BF2B-4CB6B4C105CF}
		{35BDB984-7613-4C4D-8DC3-785B4F227F1C} = {EAD46D4E-6D33-4782-BF2B-4CB6B4C105CF}
		{CB6A7CAC-288C-41AD-9700-66F98FFFC49C} = {CDFA07BE-DFFB-4FC7-98A6-F6067063FF51}
		{5D25EEAD-7424-483B-8CDF-2A8319FFFBB7} = {CDFA07BE-DFFB-4FC7-98A6-F6067063FF51}
		{AD9EB42F-7839-43AD-AAD6-B8950CBB8DE4} = {CDFA07BE-DFFB-4FC7-98A6-F6067063FF51}
		{0DE25D97-0A3D-447C-94CC-2036391967B6} = {CDFA07BE-DFFB-4FC7-98A6-F6067063FF51}
		{056A6D93-7B47-4295-822B-19E774BFE877} = {9606AFA1-E360-43B4-A7F5-657401C7440E}
		{B2BE072B-3014-44A8-8E75-F0D67173F5CC} = {9606AFA1-E360-43B4-A7F5-657401C7440E}
	EndGlobalSection
EndGlobal
